// !$*UTF8*$!
{
	archiveVersion = 1;
	classes = {
	};
	objectVersion = 50;
	objects = {

/* Begin PBXBuildFile section */
		EEDC95C326763D8300C654E4 /* AppDelegate.swift in Sources */ = {isa = PBXBuildFile; fileRef = EEDC95C226763D8300C654E4 /* AppDelegate.swift */; };
		EEDC95C526763D8300C654E4 /* SceneDelegate.swift in Sources */ = {isa = PBXBuildFile; fileRef = EEDC95C426763D8300C654E4 /* SceneDelegate.swift */; };
		EEDC95C726763D8300C654E4 /* ViewController.swift in Sources */ = {isa = PBXBuildFile; fileRef = EEDC95C626763D8300C654E4 /* ViewController.swift */; };
		EEDC95CC26763D8400C654E4 /* Assets.xcassets in Resources */ = {isa = PBXBuildFile; fileRef = EEDC95CB26763D8400C654E4 /* Assets.xcassets */; };
		EEDC95CF26763D8400C654E4 /* LaunchScreen.storyboard in Resources */ = {isa = PBXBuildFile; fileRef = EEDC95CD26763D8400C654E4 /* LaunchScreen.storyboard */; };
		EEDC95DA26763F7A00C654E4 /* BaseViewController.swift in Sources */ = {isa = PBXBuildFile; fileRef = EEDC95D926763F7A00C654E4 /* BaseViewController.swift */; };
		EEDC95DE26768B3C00C654E4 /* AmountSelectionView.swift in Sources */ = {isa = PBXBuildFile; fileRef = EEDC95DD26768B3C00C654E4 /* AmountSelectionView.swift */; };
		EEDC95E126768B4E00C654E4 /* DurationSelectionView.swift in Sources */ = {isa = PBXBuildFile; fileRef = EEDC95E026768B4E00C654E4 /* DurationSelectionView.swift */; };
		EEDC95E42676909000C654E4 /* PaymentModeSelectionView.swift in Sources */ = {isa = PBXBuildFile; fileRef = EEDC95E32676909000C654E4 /* PaymentModeSelectionView.swift */; };
		EEDC95E82676966C00C654E4 /* BaseCustomView.swift in Sources */ = {isa = PBXBuildFile; fileRef = EEDC95E72676966C00C654E4 /* BaseCustomView.swift */; };
/* End PBXBuildFile section */

/* Begin PBXFileReference section */
		EEDC95BF26763D8300C654E4 /* CustomPullTab.app */ = {isa = PBXFileReference; explicitFileType = wrapper.application; includeInIndex = 0; path = CustomPullTab.app; sourceTree = BUILT_PRODUCTS_DIR; };
		EEDC95C226763D8300C654E4 /* AppDelegate.swift */ = {isa = PBXFileReference; lastKnownFileType = sourcecode.swift; path = AppDelegate.swift; sourceTree = "<group>"; };
		EEDC95C426763D8300C654E4 /* SceneDelegate.swift */ = {isa = PBXFileReference; lastKnownFileType = sourcecode.swift; path = SceneDelegate.swift; sourceTree = "<group>"; };
		EEDC95C626763D8300C654E4 /* ViewController.swift */ = {isa = PBXFileReference; lastKnownFileType = sourcecode.swift; path = ViewController.swift; sourceTree = "<group>"; };
		EEDC95CB26763D8400C654E4 /* Assets.xcassets */ = {isa = PBXFileReference; lastKnownFileType = folder.assetcatalog; path = Assets.xcassets; sourceTree = "<group>"; };
		EEDC95CE26763D8400C654E4 /* Base */ = {isa = PBXFileReference; lastKnownFileType = file.storyboard; name = Base; path = Base.lproj/LaunchScreen.storyboard; sourceTree = "<group>"; };
		EEDC95D026763D8400C654E4 /* Info.plist */ = {isa = PBXFileReference; lastKnownFileType = text.plist.xml; path = Info.plist; sourceTree = "<group>"; };
		EEDC95D926763F7A00C654E4 /* BaseViewController.swift */ = {isa = PBXFileReference; lastKnownFileType = sourcecode.swift; path = BaseViewController.swift; sourceTree = "<group>"; };
		EEDC95DD26768B3C00C654E4 /* AmountSelectionView.swift */ = {isa = PBXFileReference; lastKnownFileType = sourcecode.swift; path = AmountSelectionView.swift; sourceTree = "<group>"; };
		EEDC95E026768B4E00C654E4 /* DurationSelectionView.swift */ = {isa = PBXFileReference; lastKnownFileType = sourcecode.swift; path = DurationSelectionView.swift; sourceTree = "<group>"; };
		EEDC95E32676909000C654E4 /* PaymentModeSelectionView.swift */ = {isa = PBXFileReference; lastKnownFileType = sourcecode.swift; path = PaymentModeSelectionView.swift; sourceTree = "<group>"; };
		EEDC95E72676966C00C654E4 /* BaseCustomView.swift */ = {isa = PBXFileReference; lastKnownFileType = sourcecode.swift; path = BaseCustomView.swift; sourceTree = "<group>"; };
/* End PBXFileReference section */

/* Begin PBXFrameworksBuildPhase section */
		EEDC95BC26763D8300C654E4 /* Frameworks */ = {
			isa = PBXFrameworksBuildPhase;
			buildActionMask = 2147483647;
			files = (
			);
			runOnlyForDeploymentPostprocessing = 0;
		};
/* End PBXFrameworksBuildPhase section */

/* Begin PBXGroup section */
		EEDC95B626763D8300C654E4 = {
			isa = PBXGroup;
			children = (
				EEDC95C126763D8300C654E4 /* CustomPullTab */,
				EEDC95C026763D8300C654E4 /* Products */,
			);
			sourceTree = "<group>";
		};
		EEDC95C026763D8300C654E4 /* Products */ = {
			isa = PBXGroup;
			children = (
				EEDC95BF26763D8300C654E4 /* CustomPullTab.app */,
			);
			name = Products;
			sourceTree = "<group>";
		};
		EEDC95C126763D8300C654E4 /* CustomPullTab */ = {
			isa = PBXGroup;
			children = (
				EEDC95E62676965900C654E4 /* CustomView */,
				EEDC95DC26768B1600C654E4 /* Sample Views */,
				EEDC95C226763D8300C654E4 /* AppDelegate.swift */,
				EEDC95C426763D8300C654E4 /* SceneDelegate.swift */,
				EEDC95C626763D8300C654E4 /* ViewController.swift */,
				EEDC95CB26763D8400C654E4 /* Assets.xcassets */,
				EEDC95CD26763D8400C654E4 /* LaunchScreen.storyboard */,
				EEDC95D026763D8400C654E4 /* Info.plist */,
				EEDC95D926763F7A00C654E4 /* BaseViewController.swift */,
			);
			path = CustomPullTab;
			sourceTree = "<group>";
		};
		EEDC95DC26768B1600C654E4 /* Sample Views */ = {
			isa = PBXGroup;
			children = (
				EEDC95DD26768B3C00C654E4 /* AmountSelectionView.swift */,
				EEDC95E026768B4E00C654E4 /* DurationSelectionView.swift */,
				EEDC95E32676909000C654E4 /* PaymentModeSelectionView.swift */,
			);
			path = "Sample Views";
			sourceTree = "<group>";
		};
		EEDC95E62676965900C654E4 /* CustomView */ = {
			isa = PBXGroup;
			children = (
				EEDC95E72676966C00C654E4 /* BaseCustomView.swift */,
			);
			path = CustomView;
			sourceTree = "<group>";
		};
/* End PBXGroup section */

/* Begin PBXNativeTarget section */
		EEDC95BE26763D8300C654E4 /* CustomPullTab */ = {
			isa = PBXNativeTarget;
			buildConfigurationList = EEDC95D326763D8400C654E4 /* Build configuration list for PBXNativeTarget "CustomPullTab" */;
			buildPhases = (
				EEDC95BB26763D8300C654E4 /* Sources */,
				EEDC95BC26763D8300C654E4 /* Frameworks */,
				EEDC95BD26763D8300C654E4 /* Resources */,
			);
			buildRules = (
			);
			dependencies = (
			);
			name = CustomPullTab;
			productName = CustomPullTab;
			productReference = EEDC95BF26763D8300C654E4 /* CustomPullTab.app */;
			productType = "com.apple.product-type.application";
		};
/* End PBXNativeTarget section */

/* Begin PBXProject section */
		EEDC95B726763D8300C654E4 /* Project object */ = {
			isa = PBXProject;
			attributes = {
				LastSwiftUpdateCheck = 1230;
				LastUpgradeCheck = 1230;
				TargetAttributes = {
					EEDC95BE26763D8300C654E4 = {
						CreatedOnToolsVersion = 12.3;
					};
				};
			};
			buildConfigurationList = EEDC95BA26763D8300C654E4 /* Build configuration list for PBXProject "CustomPullTab" */;
			compatibilityVersion = "Xcode 9.3";
			developmentRegion = en;
			hasScannedForEncodings = 0;
			knownRegions = (
				en,
				Base,
			);
			mainGroup = EEDC95B626763D8300C654E4;
			productRefGroup = EEDC95C026763D8300C654E4 /* Products */;
			projectDirPath = "";
			projectRoot = "";
			targets = (
				EEDC95BE26763D8300C654E4 /* CustomPullTab */,
			);
		};
/* End PBXProject section */

/* Begin PBXResourcesBuildPhase section */
		EEDC95BD26763D8300C654E4 /* Resources */ = {
			isa = PBXResourcesBuildPhase;
			buildActionMask = 2147483647;
			files = (
				EEDC95CF26763D8400C654E4 /* LaunchScreen.storyboard in Resources */,
				EEDC95CC26763D8400C654E4 /* Assets.xcassets in Resources */,
			);
			runOnlyForDeploymentPostprocessing = 0;
		};
/* End PBXResourcesBuildPhase section */

/* Begin PBXSourcesBuildPhase section */
		EEDC95BB26763D8300C654E4 /* Sources */ = {
			isa = PBXSourcesBuildPhase;
			buildActionMask = 2147483647;
			files = (
				EEDC95E82676966C00C654E4 /* BaseCustomView.swift in Sources */,
				EEDC95DE26768B3C00C654E4 /* AmountSelectionView.swift in Sources */,
				EEDC95E126768B4E00C654E4 /* DurationSelectionView.swift in Sources */,
				EEDC95C726763D8300C654E4 /* ViewController.swift in Sources */,
				EEDC95DA26763F7A00C654E4 /* BaseViewController.swift in Sources */,
				EEDC95C326763D8300C654E4 /* AppDelegate.swift in Sources */,
				EEDC95E42676909000C654E4 /* PaymentModeSelectionView.swift in Sources */,
				EEDC95C526763D8300C654E4 /* SceneDelegate.swift in Sources */,
			);
			runOnlyForDeploymentPostprocessing = 0;
		};
/* End PBXSourcesBuildPhase section */

/* Begin PBXVariantGroup section */
		EEDC95CD26763D8400C654E4 /* LaunchScreen.storyboard */ = {
			isa = PBXVariantGroup;
			children = (
				EEDC95CE26763D8400C654E4 /* Base */,
			);
			name = LaunchScreen.storyboard;
			sourceTree = "<group>";
		};
/* End PBXVariantGroup section */

/* Begin XCBuildConfiguration section */
		EEDC95D126763D8400C654E4 /* Debug */ = {
			isa = XCBuildConfiguration;
			buildSettings = {
				ALWAYS_SEARCH_USER_PATHS = NO;
				CLANG_ANALYZER_NONNULL = YES;
				CLANG_ANALYZER_NUMBER_OBJECT_CONVERSION = YES_AGGRESSIVE;
				CLANG_CXX_LANGUAGE_STANDARD = "gnu++14";
				CLANG_CXX_LIBRARY = "libc++";
				CLANG_ENABLE_MODULES = YES;
				CLANG_ENABLE_OBJC_ARC = YES;
				CLANG_ENABLE_OBJC_WEAK = YES;
				CLANG_WARN_BLOCK_CAPTURE_AUTORELEASING = YES;
				CLANG_WARN_BOOL_CONVERSION = YES;
				CLANG_WARN_COMMA = YES;
				CLANG_WARN_CONSTANT_CONVERSION = YES;
				CLANG_WARN_DEPRECATED_OBJC_IMPLEMENTATIONS = YES;
				CLANG_WARN_DIRECT_OBJC_ISA_USAGE = YES_ERROR;
				CLANG_WARN_DOCUMENTATION_COMMENTS = YES;
				CLANG_WARN_EMPTY_BODY = YES;
				CLANG_WARN_ENUM_CONVERSION = YES;
				CLANG_WARN_INFINITE_RECURSION = YES;
				CLANG_WARN_INT_CONVERSION = YES;
				CLANG_WARN_NON_LITERAL_NULL_CONVERSION = YES;
				CLANG_WARN_OBJC_IMPLICIT_RETAIN_SELF = YES;
				CLANG_WARN_OBJC_LITERAL_CONVERSION = YES;
				CLANG_WARN_OBJC_ROOT_CLASS = YES_ERROR;
				CLANG_WARN_QUOTED_INCLUDE_IN_FRAMEWORK_HEADER = YES;
				CLANG_WARN_RANGE_LOOP_ANALYSIS = YES;
				CLANG_WARN_STRICT_PROTOTYPES = YES;
				CLANG_WARN_SUSPICIOUS_MOVE = YES;
				CLANG_WARN_UNGUARDED_AVAILABILITY = YES_AGGRESSIVE;
				CLANG_WARN_UNREACHABLE_CODE = YES;
				CLANG_WARN__DUPLICATE_METHOD_MATCH = YES;
				COPY_PHASE_STRIP = NO;
				DEBUG_INFORMATION_FORMAT = dwarf;
				ENABLE_STRICT_OBJC_MSGSEND = YES;
				ENABLE_TESTABILITY = YES;
				GCC_C_LANGUAGE_STANDARD = gnu11;
				GCC_DYNAMIC_NO_PIC = NO;
				GCC_NO_COMMON_BLOCKS = YES;
				GCC_OPTIMIZATION_LEVEL = 0;
				GCC_PREPROCESSOR_DEFINITIONS = (
					"DEBUG=1",
					"$(inherited)",
				);
				GCC_WARN_64_TO_32_BIT_CONVERSION = YES;
				GCC_WARN_ABOUT_RETURN_TYPE = YES_ERROR;
				GCC_WARN_UNDECLARED_SELECTOR = YES;
				GCC_WARN_UNINITIALIZED_AUTOS = YES_AGGRESSIVE;
				GCC_WARN_UNUSED_FUNCTION = YES;
				GCC_WARN_UNUSED_VARIABLE = YES;
				IPHONEOS_DEPLOYMENT_TARGET = 14.3;
				MTL_ENABLE_DEBUG_INFO = INCLUDE_SOURCE;
				MTL_FAST_MATH = YES;
				ONLY_ACTIVE_ARCH = YES;
				SDKROOT = iphoneos;
				SWIFT_ACTIVE_COMPILATION_CONDITIONS = DEBUG;
				SWIFT_OPTIMIZATION_LEVEL = "-Onone";
			};
			name = Debug;
		};
		EEDC95D226763D8400C654E4 /* Release */ = {
			isa = XCBuildConfiguration;
			buildSettings = {
				ALWAYS_SEARCH_USER_PATHS = NO;
				CLANG_ANALYZER_NONNULL = YES;
				CLANG_ANALYZER_NUMBER_OBJECT_CONVERSION = YES_AGGRESSIVE;
				CLANG_CXX_LANGUAGE_STANDARD = "gnu++14";
				CLANG_CXX_LIBRARY = "libc++";
				CLANG_ENABLE_MODULES = YES;
				CLANG_ENABLE_OBJC_ARC = YES;
				CLANG_ENABLE_OBJC_WEAK = YES;
				CLANG_WARN_BLOCK_CAPTURE_AUTORELEASING = YES;
				CLANG_WARN_BOOL_CONVERSION = YES;
				CLANG_WARN_COMMA = YES;
				CLANG_WARN_CONSTANT_CONVERSION = YES;
				CLANG_WARN_DEPRECATED_OBJC_IMPLEMENTATIONS = YES;
				CLANG_WARN_DIRECT_OBJC_ISA_USAGE = YES_ERROR;
				CLANG_WARN_DOCUMENTATION_COMMENTS = YES;
				CLANG_WARN_EMPTY_BODY = YES;
				CLANG_WARN_ENUM_CONVERSION = YES;
				CLANG_WARN_INFINITE_RECURSION = YES;
				CLANG_WARN_INT_CONVERSION = YES;
				CLANG_WARN_NON_LITERAL_NULL_CONVERSION = YES;
				CLANG_WARN_OBJC_IMPLICIT_RETAIN_SELF = YES;
				CLANG_WARN_OBJC_LITERAL_CONVERSION = YES;
				CLANG_WARN_OBJC_ROOT_CLASS = YES_ERROR;
				CLANG_WARN_QUOTED_INCLUDE_IN_FRAMEWORK_HEADER = YES;
				CLANG_WARN_RANGE_LOOP_ANALYSIS = YES;
				CLANG_WARN_STRICT_PROTOTYPES = YES;
				CLANG_WARN_SUSPICIOUS_MOVE = YES;
				CLANG_WARN_UNGUARDED_AVAILABILITY = YES_AGGRESSIVE;
				CLANG_WARN_UNREACHABLE_CODE = YES;
				CLANG_WARN__DUPLICATE_METHOD_MATCH = YES;
				COPY_PHASE_STRIP = NO;
				DEBUG_INFORMATION_FORMAT = "dwarf-with-dsym";
				ENABLE_NS_ASSERTIONS = NO;
				ENABLE_STRICT_OBJC_MSGSEND = YES;
				GCC_C_LANGUAGE_STANDARD = gnu11;
				GCC_NO_COMMON_BLOCKS = YES;
				GCC_WARN_64_TO_32_BIT_CONVERSION = YES;
				GCC_WARN_ABOUT_RETURN_TYPE = YES_ERROR;
				GCC_WARN_UNDECLARED_SELECTOR = YES;
				GCC_WARN_UNINITIALIZED_AUTOS = YES_AGGRESSIVE;
				GCC_WARN_UNUSED_FUNCTION = YES;
				GCC_WARN_UNUSED_VARIABLE = YES;
				IPHONEOS_DEPLOYMENT_TARGET = 14.3;
				MTL_ENABLE_DEBUG_INFO = NO;
				MTL_FAST_MATH = YES;
				SDKROOT = iphoneos;
				SWIFT_COMPILATION_MODE = wholemodule;
				SWIFT_OPTIMIZATION_LEVEL = "-O";
				VALIDATE_PRODUCT = YES;
			};
			name = Release;
		};
		EEDC95D426763D8400C654E4 /* Debug */ = {
			isa = XCBuildConfiguration;
			buildSettings = {
				ASSETCATALOG_COMPILER_APPICON_NAME = AppIcon;
				ASSETCATALOG_COMPILER_GLOBAL_ACCENT_COLOR_NAME = AccentColor;
				CODE_SIGN_STYLE = Automatic;
				DEVELOPMENT_TEAM = V737R9TSYP;
				INFOPLIST_FILE = CustomPullTab/Info.plist;
				LD_RUNPATH_SEARCH_PATHS = (
					"$(inherited)",
					"@executable_path/Frameworks",
				);
				PRODUCT_BUNDLE_IDENTIFIER = com.shobhit.credstack.CustomPullTab;
				PRODUCT_NAME = "$(TARGET_NAME)";
				SWIFT_VERSION = 5.0;
				TARGETED_DEVICE_FAMILY = "1,2";
			};
			name = Debug;
		};
		EEDC95D526763D8400C654E4 /* Release */ = {
			isa = XCBuildConfiguration;
			buildSettings = {
				ASSETCATALOG_COMPILER_APPICON_NAME = AppIcon;
				ASSETCATALOG_COMPILER_GLOBAL_ACCENT_COLOR_NAME = AccentColor;
				CODE_SIGN_STYLE = Automatic;
				DEVELOPMENT_TEAM = V737R9TSYP;
				INFOPLIST_FILE = CustomPullTab/Info.plist;
				LD_RUNPATH_SEARCH_PATHS = (
					"$(inherited)",
					"@executable_path/Frameworks",
				);
				PRODUCT_BUNDLE_IDENTIFIER = com.shobhit.credstack.CustomPullTab;
				PRODUCT_NAME = "$(TARGET_NAME)";
				SWIFT_VERSION = 5.0;
				TARGETED_DEVICE_FAMILY = "1,2";
			};
			name = Release;
		};
/* End XCBuildConfiguration section */

/* Begin XCConfigurationList section */
		EEDC95BA26763D8300C654E4 /* Build configuration list for PBXProject "CustomPullTab" */ = {
			isa = XCConfigurationList;
			buildConfigurations = (
				EEDC95D126763D8400C654E4 /* Debug */,
				EEDC95D226763D8400C654E4 /* Release */,
			);
			defaultConfigurationIsVisible = 0;
			defaultConfigurationName = Release;
		};
		EEDC95D326763D8400C654E4 /* Build configuration list for PBXNativeTarget "CustomPullTab" */ = {
			isa = XCConfigurationList;
			buildConfigurations = (
				EEDC95D426763D8400C654E4 /* Debug */,
				EEDC95D526763D8400C654E4 /* Release */,
			);
			defaultConfigurationIsVisible = 0;
			defaultConfigurationName = Release;
		};
/* End XCConfigurationList section */
	};
	rootObject = EEDC95B726763D8300C654E4 /* Project object */;
}
